# THIS IS AN AUTOGENERATED FILE. DO NOT EDIT THIS FILE DIRECTLY.
# yarn lockfile v1


"@types/mathjs@^6.0.4":
  version "6.0.4"
  resolved "https://registry.yarnpkg.com/@types/mathjs/-/mathjs-6.0.4.tgz#0adf7335b27a5385e0dd4f766e0c53931c5c2375"
  integrity sha512-hIxf6lfCuUbsI/iz5cevHQjKvSS+XIGPwUyYZ4GjUPrUCh9egUhLlK0d7V31jtSt1WGt6dlclnlYMNOov9JZAA==
  dependencies:
    decimal.js "^10.0.0"

"@types/node@^13.9.5":
  version "13.9.5"
  resolved "https://registry.yarnpkg.com/@types/node/-/node-13.9.5.tgz#59738bf30b31aea1faa2df7f4a5f55613750cf00"
  integrity sha512-hkzMMD3xu6BrJpGVLeQ3htQQNAcOrJjX7WFmtK8zWQpz2UJf13LCFF2ALA7c9OVdvc2vQJeDdjfR35M0sBCxvw==

decimal.js@^10.0.0:
  version "10.2.0"
  resolved "https://registry.yarnpkg.com/decimal.js/-/decimal.js-10.2.0.tgz#39466113a9e036111d02f82489b5fd6b0b5ed231"
  integrity sha512-vDPw+rDgn3bZe1+F/pyEwb1oMG2XTlRVgAa6B4KccTEpYgF8w6eQllVbQcfIJnZyvzFtFpxnpGtx8dd7DJp/Rw==

isexe@2.0.0, isexe@^2.0.0:
  version "2.0.0"
  resolved "https://registry.yarnpkg.com/isexe/-/isexe-2.0.0.tgz#e8fbf374dc556ff8947a10dcb0572d633f2cfa10"
  integrity sha1-6PvzdNxVb/iUehDcsFctYz8s+hA=

keybase-bot@^3.6.1:
  version "3.6.1"
  resolved "https://registry.yarnpkg.com/keybase-bot/-/keybase-bot-3.6.1.tgz#d0262ed8359026926da00b69b43c53104fcfd0bf"
  integrity sha512-AUI/CXHC8EgBX9Gf/h0rcRF6WB97nYWH/KCYyitwh3MmXLltr34DzDLp8jPeRF92k6vCrZ5mIhC2ecXW3dtprg==
  dependencies:
    isexe "2.0.0"
    lodash.camelcase "4.3.0"
    lodash.kebabcase "4.1.1"
    lodash.snakecase "4.1.1"
    mkdirp "0.5.1"
    which "1.3.1"

lodash.camelcase@4.3.0:
  version "4.3.0"
  resolved "https://registry.yarnpkg.com/lodash.camelcase/-/lodash.camelcase-4.3.0.tgz#b28aa6288a2b9fc651035c7711f65ab6190331a6"
  integrity sha1-soqmKIorn8ZRA1x3EfZathkDMaY=

lodash.kebabcase@4.1.1:
  version "4.1.1"
  resolved "https://registry.yarnpkg.com/lodash.kebabcase/-/lodash.kebabcase-4.1.1.tgz#8489b1cb0d29ff88195cceca448ff6d6cc295c36"
  integrity sha1-hImxyw0p/4gZXM7KRI/21swpXDY=

lodash.snakecase@4.1.1:
  version "4.1.1"
  resolved "https://registry.yarnpkg.com/lodash.snakecase/-/lodash.snakecase-4.1.1.tgz#39d714a35357147837aefd64b5dcbb16becd8f8d"
  integrity sha1-OdcUo1NXFHg3rv1ktdy7Fr7Nj40=

minimist@0.0.8:
  version "0.0.8"
  resolved "https://registry.yarnpkg.com/minimist/-/minimist-0.0.8.tgz#857fcabfc3397d2625b8228262e86aa7a011b05d"
  integrity sha1-hX/Kv8M5fSYluCKCYuhqp6ARsF0=

mkdirp@0.5.1:
  version "0.5.1"
  resolved "https://registry.yarnpkg.com/mkdirp/-/mkdirp-0.5.1.tgz#30057438eac6cf7f8c4767f38648d6697d75c903"
  integrity sha1-MAV0OOrGz3+MR2fzhkjWaX11yQM=
  dependencies:
    minimist "0.0.8"

which@1.3.1:
  version "1.3.1"
  resolved "https://registry.yarnpkg.com/which/-/which-1.3.1.tgz#a45043d54f5805316da8d62f9f50918d3da70b0a"
  integrity sha512-HxJdYWq1MTIQbJ3nw0cqssHoTNU267KlrDuGZ1WYlxDStUtKUhOaJmh112/TZmHxxUfuJqPXSOm7tDyas0OSIQ==
  dependencies:
    isexe "^2.0.0"
